
Microsoft Visual Studio Solution File, Format Version 12.00
# Visual Studio Version 17
VisualStudioVersion = 17.3.32922.545
MinimumVisualStudioVersion = 10.0.40219.1
Project("{FAE04EC0-301F-11D3-BF4B-00C04F79EFBC}") = "Business", "Business\Business.csproj", "{8BA891C0-3533-494A-A8B5-D37F75876FDE}"
EndProject
Project("{FAE04EC0-301F-11D3-BF4B-00C04F79EFBC}") = "DataAccess", "DataAccess\DataAccess.csproj", "{8B586F44-C8A7-4C43-80EC-AEBFDAB3B3CF}"
EndProject
Project("{FAE04EC0-301F-11D3-BF4B-00C04F79EFBC}") = "Entities", "Entities\Entities.csproj", "{3CD83D30-663A-44DE-9287-5FF3BC9B7BF7}"
EndProject
Project("{FAE04EC0-301F-11D3-BF4B-00C04F79EFBC}") = "ConsoleUI", "ConsoleUI\ConsoleUI.csproj", "{443D9C0C-34A4-4603-811C-38E9EB29A7BC}"
EndProject
Global
	GlobalSection(SolutionConfigurationPlatforms) = preSolution
		Debug|Any CPU = Debug|Any CPU
		Release|Any CPU = Release|Any CPU
	EndGlobalSection
	GlobalSection(ProjectConfigurationPlatforms) = postSolution
		{8BA891C0-3533-494A-A8B5-D37F75876FDE}.Debug|Any CPU.ActiveCfg = Debug|Any CPU
		{8BA891C0-3533-494A-A8B5-D37F75876FDE}.Debug|Any CPU.Build.0 = Debug|Any CPU
		{8BA891C0-3533-494A-A8B5-D37F75876FDE}.Release|Any CPU.ActiveCfg = Release|Any CPU
		{8BA891C0-3533-494A-A8B5-D37F75876FDE}.Release|Any CPU.Build.0 = Release|Any CPU
		{8B586F44-C8A7-4C43-80EC-AEBFDAB3B3CF}.Debug|Any CPU.ActiveCfg = Debug|Any CPU
		{8B586F44-C8A7-4C43-80EC-AEBFDAB3B3CF}.Debug|Any CPU.Build.0 = Debug|Any CPU
		{8B586F44-C8A7-4C43-80EC-AEBFDAB3B3CF}.Release|Any CPU.ActiveCfg = Release|Any CPU
		{8B586F44-C8A7-4C43-80EC-AEBFDAB3B3CF}.Release|Any CPU.Build.0 = Release|Any CPU
		{3CD83D30-663A-44DE-9287-5FF3BC9B7BF7}.Debug|Any CPU.ActiveCfg = Debug|Any CPU
		{3CD83D30-663A-44DE-9287-5FF3BC9B7BF7}.Debug|Any CPU.Build.0 = Debug|Any CPU
		{3CD83D30-663A-44DE-9287-5FF3BC9B7BF7}.Release|Any CPU.ActiveCfg = Release|Any CPU
		{3CD83D30-663A-44DE-9287-5FF3BC9B7BF7}.Release|Any CPU.Build.0 = Release|Any CPU
		{443D9C0C-34A4-4603-811C-38E9EB29A7BC}.Debug|Any CPU.ActiveCfg = Debug|Any CPU
		{443D9C0C-34A4-4603-811C-38E9EB29A7BC}.Debug|Any CPU.Build.0 = Debug|Any CPU
		{443D9C0C-34A4-4603-811C-38E9EB29A7BC}.Release|Any CPU.ActiveCfg = Release|Any CPU
		{443D9C0C-34A4-4603-811C-38E9EB29A7BC}.Release|Any CPU.Build.0 = Release|Any CPU
	EndGlobalSection
	GlobalSection(SolutionProperties) = preSolution
		HideSolutionNode = FALSE
	EndGlobalSection
	GlobalSection(ExtensibilityGlobals) = postSolution
		SolutionGuid = {E583FFF5-A7EC-4C24-9A52-C64F1782067B}
	EndGlobalSection
EndGlobal
